
Microsoft Visual Studio Solution File, Format Version 12.00
# Visual Studio Version 17
VisualStudioVersion = 17.14.36221.1 d17.14
MinimumVisualStudioVersion = 10.0.40219.1
Project("{FAE04EC0-301F-11D3-BF4B-00C04F79EFBC}") = "FlashCardApp", "FlashCardApp\FlashCardApp.csproj", "{FFD6F5D5-3F81-4CCE-9CEA-1D6E6801BBBE}"
EndProject
Global
	GlobalSection(SolutionConfigurationPlatforms) = preSolution
		Debug|Any CPU = Debug|Any CPU
		Release|Any CPU = Release|Any CPU
	EndGlobalSection
	GlobalSection(ProjectConfigurationPlatforms) = postSolution
		{FFD6F5D5-3F81-4CCE-9CEA-1D6E6801BBBE}.Debug|Any CPU.ActiveCfg = Debug|Any CPU
		{FFD6F5D5-3F81-4CCE-9CEA-1D6E6801BBBE}.Debug|Any CPU.Build.0 = Debug|Any CPU
		{FFD6F5D5-3F81-4CCE-9CEA-1D6E6801BBBE}.Release|Any CPU.ActiveCfg = Release|Any CPU
		{FFD6F5D5-3F81-4CCE-9CEA-1D6E6801BBBE}.Release|Any CPU.Build.0 = Release|Any CPU
	EndGlobalSection
	GlobalSection(SolutionProperties) = preSolution
		HideSolutionNode = FALSE
	EndGlobalSection
	GlobalSection(ExtensibilityGlobals) = postSolution
		SolutionGuid = {3F713CB3-D2F6-4534-8607-337635223A38}
	EndGlobalSection
EndGlobal
